
Microsoft Visual Studio Solution File, Format Version 12.00
# Visual Studio Version 17
VisualStudioVersion = 17.8.34330.188
MinimumVisualStudioVersion = 10.0.40219.1
Project("{FAE04EC0-301F-11D3-BF4B-00C04F79EFBC}") = "GSS", "GSS\GSS.csproj", "{2FCFF4A1-30E0-4AE5-93D2-5564FA29076C}"
EndProject
Global
	GlobalSection(SolutionConfigurationPlatforms) = preSolution
		Debug|Any CPU = Debug|Any CPU
		Release|Any CPU = Release|Any CPU
	EndGlobalSection
	GlobalSection(ProjectConfigurationPlatforms) = postSolution
		{2FCFF4A1-30E0-4AE5-93D2-5564FA29076C}.Debug|Any CPU.ActiveCfg = Debug|Any CPU
		{2FCFF4A1-30E0-4AE5-93D2-5564FA29076C}.Debug|Any CPU.Build.0 = Debug|Any CPU
		{2FCFF4A1-30E0-4AE5-93D2-5564FA29076C}.Release|Any CPU.ActiveCfg = Release|Any CPU
		{2FCFF4A1-30E0-4AE5-93D2-5564FA29076C}.Release|Any CPU.Build.0 = Release|Any CPU
	EndGlobalSection
	GlobalSection(SolutionProperties) = preSolution
		HideSolutionNode = FALSE
	EndGlobalSection
	GlobalSection(ExtensibilityGlobals) = postSolution
		SolutionGuid = {C6F83432-16CE-4424-AFBB-3488C7648AA5}
	EndGlobalSection
EndGlobal
